{
    "version": 3,
    "terraform_version": "0.11.14",
    "serial": 8,
    "lineage": "a71fa89b-9c2d-0346-4b09-08b50894b624",
    "modules": [
        {
            "path": [
                "root"
            ],
            "outputs": {},
            "resources": {
                "data.okta_group.all": {
                    "type": "okta_group",
                    "depends_on": [],
                    "primary": {
                        "id": "00g37m2e1eGoGy9iJ0x6",
                        "attributes": {
                            "description": "All users in your organization",
                            "id": "00g37m2e1eGoGy9iJ0x6",
                            "include_users": "false",
                            "name": "Everyone",
                            "users.#": "0"
                        },
                        "meta": {},
                        "tainted": false
                    },
                    "deposed": [],
                    "provider": "provider.okta"
                },
                "okta_app_oauth.persona_management_client": {
                    "type": "okta_app_oauth",
                    "depends_on": [
                        "okta_group.team"
                    ],
                    "primary": {
                        "id": "0oa63eevzRHcdisP50x6",
                        "attributes": {
                            "auto_key_rotation": "true",
                            "client_id": "0oa63eevzRHcdisP50x6",
                            "client_secret": "PfFu7cHFzOLeNmQsbt0N9Ve6lsDA5YQCg1hj3JSW",
                            "client_uri": "",
                            "consent_method": "",
                            "grant_types.#": "1",
                            "grant_types.2795245311": "authorization_code",
                            "groups.#": "1",
                            "groups.264726716": "00g63eo18e0HeAyoi0x6",
                            "id": "0oa63eevzRHcdisP50x6",
                            "issuer_mode": "ORG_URL",
                            "label": "Developer Management Client",
                            "login_uri": "",
                            "logo_uri": "",
                            "name": "oidc_client",
                            "omit_secret": "false",
                            "policy_uri": "",
                            "post_logout_redirect_uris.#": "1",
                            "post_logout_redirect_uris.2231860243": "http://localhost:3000",
                            "redirect_uris.#": "1",
                            "redirect_uris.2316272171": "http://localhost:3000/authorization-code/callback",
                            "response_types.#": "1",
                            "response_types.2645166319": "code",
                            "sign_on_mode": "OPENID_CONNECT",
                            "status": "ACTIVE",
                            "token_endpoint_auth_method": "client_secret_basic",
                            "tos_uri": "",
                            "type": "web"
                        },
                        "meta": {},
                        "tainted": false
                    },
                    "deposed": [],
                    "provider": "provider.okta"
                },
                "okta_group.team": {
                    "type": "okta_group",
                    "depends_on": [],
                    "primary": {
                        "id": "00g63eo18e0HeAyoi0x6",
                        "attributes": {
                            "description": "A small nimble development team.",
                            "id": "00g63eo18e0HeAyoi0x6",
                            "name": "Spider Monkeys"
                        },
                        "meta": {},
                        "tainted": false
                    },
                    "deposed": [],
                    "provider": "provider.okta"
                },
                "okta_user.Ada": {
                    "type": "okta_user",
                    "depends_on": [
                        "okta_group.team"
                    ],
                    "primary": {
                        "id": "00u63evpzkREN64ua0x6",
                        "attributes": {
                            "admin_roles.#": "1",
                            "admin_roles.3328527404": "USER_ADMIN",
                            "custom_profile_attributes.%": "0",
                            "email": "ada@lovelace.local",
                            "first_name": "Ada",
                            "group_memberships.#": "1",
                            "group_memberships.264726716": "00g63eo18e0HeAyoi0x6",
                            "id": "00u63evpzkREN64ua0x6",
                            "last_name": "Lovelace",
                            "login": "ada@lovelace.local",
                            "raw_status": "PROVISIONED",
                            "status": "PROVISIONED"
                        },
                        "meta": {},
                        "tainted": false
                    },
                    "deposed": [],
                    "provider": "provider.okta"
                },
                "okta_user.Babbage": {
                    "type": "okta_user",
                    "depends_on": [
                        "okta_group.team"
                    ],
                    "primary": {
                        "id": "00u63eskrBWwQEY3b0x6",
                        "attributes": {
                            "admin_roles.#": "0",
                            "custom_profile_attributes.%": "0",
                            "email": "charles@babbage.local",
                            "first_name": "Charles",
                            "group_memberships.#": "1",
                            "group_memberships.264726716": "00g63eo18e0HeAyoi0x6",
                            "id": "00u63eskrBWwQEY3b0x6",
                            "last_name": "Babbage",
                            "login": "charles@babbage.local",
                            "raw_status": "PROVISIONED",
                            "status": "PROVISIONED"
                        },
                        "meta": {},
                        "tainted": false
                    },
                    "deposed": [],
                    "provider": "provider.okta"
                }
            },
            "depends_on": []
        }
    ]
}
